
Microsoft Visual Studio Solution File, Format Version 12.00
# Visual Studio Version 17
VisualStudioVersion = 17.14.36203.30 d17.14
MinimumVisualStudioVersion = 10.0.40219.1
Project("{FAE04EC0-301F-11D3-BF4B-00C04F79EFBC}") = "ClassExample", "ClassExample.csproj", "{A50FDF71-0014-4557-B37F-A06F4B6E4216}"
EndProject
Global
	GlobalSection(SolutionConfigurationPlatforms) = preSolution
		Debug|Any CPU = Debug|Any CPU
		Release|Any CPU = Release|Any CPU
	EndGlobalSection
	GlobalSection(ProjectConfigurationPlatforms) = postSolution
		{A50FDF71-0014-4557-B37F-A06F4B6E4216}.Debug|Any CPU.ActiveCfg = Debug|Any CPU
		{A50FDF71-0014-4557-B37F-A06F4B6E4216}.Debug|Any CPU.Build.0 = Debug|Any CPU
		{A50FDF71-0014-4557-B37F-A06F4B6E4216}.Release|Any CPU.ActiveCfg = Release|Any CPU
		{A50FDF71-0014-4557-B37F-A06F4B6E4216}.Release|Any CPU.Build.0 = Release|Any CPU
	EndGlobalSection
	GlobalSection(SolutionProperties) = preSolution
		HideSolutionNode = FALSE
	EndGlobalSection
	GlobalSection(ExtensibilityGlobals) = postSolution
		SolutionGuid = {9C51389B-AFA7-49C9-95AC-8750A3AEF2EA}
	EndGlobalSection
EndGlobal
